
Microsoft Visual Studio Solution File, Format Version 12.00
# Visual Studio Version 17
VisualStudioVersion = 17.3.32819.101
MinimumVisualStudioVersion = 10.0.40219.1
Project("{9A19103F-16F7-4668-BE54-9A1E7A4F7556}") = "CAPA_DATOS", "CAPA_DATOS\CAPA_DATOS.csproj", "{9ACDD96F-9758-4ABF-8085-3CCD42A784A7}"
EndProject
Project("{9A19103F-16F7-4668-BE54-9A1E7A4F7556}") = "CAPA_NEGOCIO", "CAPA_NEGOCIO\CAPA_NEGOCIO.csproj", "{FC49A21E-B3B0-4436-877F-E802E6D11308}"
EndProject
Project("{9A19103F-16F7-4668-BE54-9A1E7A4F7556}") = "UI", "UI\UI.csproj", "{6FBAEF89-9CDB-452A-9767-DE1989907D06}"
EndProject
Global
	GlobalSection(SolutionConfigurationPlatforms) = preSolution
		Debug|Any CPU = Debug|Any CPU
		Release|Any CPU = Release|Any CPU
	EndGlobalSection
	GlobalSection(ProjectConfigurationPlatforms) = postSolution
		{9ACDD96F-9758-4ABF-8085-3CCD42A784A7}.Debug|Any CPU.ActiveCfg = Debug|Any CPU
		{9ACDD96F-9758-4ABF-8085-3CCD42A784A7}.Debug|Any CPU.Build.0 = Debug|Any CPU
		{9ACDD96F-9758-4ABF-8085-3CCD42A784A7}.Release|Any CPU.ActiveCfg = Release|Any CPU
		{9ACDD96F-9758-4ABF-8085-3CCD42A784A7}.Release|Any CPU.Build.0 = Release|Any CPU
		{FC49A21E-B3B0-4436-877F-E802E6D11308}.Debug|Any CPU.ActiveCfg = Debug|Any CPU
		{FC49A21E-B3B0-4436-877F-E802E6D11308}.Debug|Any CPU.Build.0 = Debug|Any CPU
		{FC49A21E-B3B0-4436-877F-E802E6D11308}.Release|Any CPU.ActiveCfg = Release|Any CPU
		{FC49A21E-B3B0-4436-877F-E802E6D11308}.Release|Any CPU.Build.0 = Release|Any CPU
		{6FBAEF89-9CDB-452A-9767-DE1989907D06}.Debug|Any CPU.ActiveCfg = Debug|Any CPU
		{6FBAEF89-9CDB-452A-9767-DE1989907D06}.Debug|Any CPU.Build.0 = Debug|Any CPU
		{6FBAEF89-9CDB-452A-9767-DE1989907D06}.Release|Any CPU.ActiveCfg = Release|Any CPU
		{6FBAEF89-9CDB-452A-9767-DE1989907D06}.Release|Any CPU.Build.0 = Release|Any CPU
	EndGlobalSection
	GlobalSection(SolutionProperties) = preSolution
		HideSolutionNode = FALSE
	EndGlobalSection
	GlobalSection(ExtensibilityGlobals) = postSolution
		SolutionGuid = {35CDB12D-83BC-41AB-A7EF-5A4CF6ECD0C4}
	EndGlobalSection
EndGlobal
